# THIS IS AN AUTOGENERATED FILE. DO NOT EDIT THIS FILE DIRECTLY.
# yarn lockfile v1


"@launchdarkly/openfeature-node-server@0.3.0":
  "integrity" "sha512-hkzuIFeRduHqz/mKGUIDdSRmDDYzbi5AmyH2ubZJs+U9hx8H0/V8NYrhY7rBRJNgrb5bYX500eW7dsDc/Swz4g=="
  "resolved" "https://registry.npmjs.org/@launchdarkly/openfeature-node-server/-/openfeature-node-server-0.3.0.tgz"
  "version" "0.3.0"

"@openfeature/js-sdk@^1.0.0", "@openfeature/js-sdk@^1.x":
  "integrity" "sha512-kVFMgMk2xo4cH2tdiGn0ZjsE4BqtgJ2+U0nTNzYiTPp3B31qzca2QB9FDyw4z+dlWTJi5mhKc6sIlL8ON9nuTw=="
  "resolved" "https://registry.npmjs.org/@openfeature/js-sdk/-/js-sdk-1.0.0.tgz"
  "version" "1.0.0"

"@types/node@^18.15.3":
  "integrity" "sha512-p6ua9zBxz5otCmbpb5D3U4B5Nanw6Pk3PPyX05xnxbB/fRv71N7CPmORg7uAD5P70T0xmx1pzAx/FUfa5X+3cw=="
  "resolved" "https://registry.npmjs.org/@types/node/-/node-18.15.3.tgz"
  "version" "18.15.3"

"async@^3.2.4":
  "integrity" "sha512-iAB+JbDEGXhyIUavoDl9WP/Jj106Kz9DEn1DPgYw5ruDn0e3Wgi3sKFm55sASdGBNOQB8F59d9qQ7deqrHA8wQ=="
  "resolved" "https://registry.npmjs.org/async/-/async-3.2.4.tgz"
  "version" "3.2.4"

"clone@2.x":
  "integrity" "sha512-3Pe/CF1Nn94hyhIYpjtiLhdCoEoz0DqQ+988E9gmeEdQZlojxnOb74wctFyuwWQHzqyf9X7C7MG8juUpqBJT8w=="
  "resolved" "https://registry.npmjs.org/clone/-/clone-2.1.2.tgz"
  "version" "2.1.2"

"launchdarkly-eventsource@1.4.4":
  "integrity" "sha512-GL+r2Y3WccJlhFyL2buNKel+9VaMnYpbE/FfCkOST5jSNSFodahlxtGyrE8o7R+Qhobyq0Ree4a7iafJDQi9VQ=="
  "resolved" "https://registry.npmjs.org/launchdarkly-eventsource/-/launchdarkly-eventsource-1.4.4.tgz"
  "version" "1.4.4"

"launchdarkly-node-server-sdk@>= 7.0.1", "launchdarkly-node-server-sdk@7.x":
  "integrity" "sha512-vliVBgoO3eZVBXl7LWE3hsB+8WEeyYS2Hf0BzgNx5yYrlFDHSAB2Ug+GEawgQEd9kxWESc3n5WyCn1sdMhG1xA=="
  "resolved" "https://registry.npmjs.org/launchdarkly-node-server-sdk/-/launchdarkly-node-server-sdk-7.0.1.tgz"
  "version" "7.0.1"
  dependencies:
    "async" "^3.2.4"
    "launchdarkly-eventsource" "1.4.4"
    "lru-cache" "^6.0.0"
    "node-cache" "^5.1.0"
    "semver" "^7.3.0"
    "tunnel" "0.0.6"
    "uuid" "^8.3.2"

"lru-cache@^6.0.0":
  "integrity" "sha512-Jo6dJ04CmSjuznwJSS3pUeWmd/H0ffTlkXXgwZi+eq1UCmqQwCh+eLsYOYCwY991i2Fah4h1BEMCx4qThGbsiA=="
  "resolved" "https://registry.npmjs.org/lru-cache/-/lru-cache-6.0.0.tgz"
  "version" "6.0.0"
  dependencies:
    "yallist" "^4.0.0"

"node-cache@^5.1.0":
  "integrity" "sha512-t1QzWwnk4sjLWaQAS8CHgOJ+RAfmHpxFWmc36IWTiWHQfs0w5JDMBS1b1ZxQteo0vVVuWJvIUKHDkkeK7vIGCg=="
  "resolved" "https://registry.npmjs.org/node-cache/-/node-cache-5.1.2.tgz"
  "version" "5.1.2"
  dependencies:
    "clone" "2.x"

"semver@^7.3.0":
  "integrity" "sha512-NB1ctGL5rlHrPJtFDVIVzTyQylMLu9N9VICA6HSFJo8MCGVTMW6gfpicwKmmK/dAjTOrqu5l63JJOpDSrAis3A=="
  "resolved" "https://registry.npmjs.org/semver/-/semver-7.3.8.tgz"
  "version" "7.3.8"
  dependencies:
    "lru-cache" "^6.0.0"

"tunnel@0.0.6":
  "integrity" "sha512-1h/Lnq9yajKY2PEbBadPXj3VxsDDu844OnaAo52UVmIzIvwwtBPIuNvkjuzBlTWpfJyUbG3ez0KSBibQkj4ojg=="
  "resolved" "https://registry.npmjs.org/tunnel/-/tunnel-0.0.6.tgz"
  "version" "0.0.6"

"typescript@^4.9.5":
  "integrity" "sha512-1FXk9E2Hm+QzZQ7z+McJiHL4NW1F2EzMu9Nq9i3zAaGqibafqYwCVU6WyWAuyQRRzOlxou8xZSyXLEN8oKj24g=="
  "resolved" "https://registry.npmjs.org/typescript/-/typescript-4.9.5.tgz"
  "version" "4.9.5"

"uuid@^8.3.2":
  "integrity" "sha512-+NYs2QeMWy+GWFOEm9xnn6HCDp0l7QBD7ml8zLUmJ+93Q5NF0NocErnwkTkXVFNiX3/fpC6afS8Dhb/gz7R7eg=="
  "resolved" "https://registry.npmjs.org/uuid/-/uuid-8.3.2.tgz"
  "version" "8.3.2"

"yallist@^4.0.0":
  "integrity" "sha512-3wdGidZyq5PB084XLES5TpOSRA3wjXAlIWMhum2kRcv/41Sn2emQ0dycQW4uZXLejwKvg6EsvbdlVL+FYEct7A=="
  "resolved" "https://registry.npmjs.org/yallist/-/yallist-4.0.0.tgz"
  "version" "4.0.0"
